{
  "pins" : [
    {
      "identity" : "swift-sodium",
      "kind" : "remoteSourceControl",
      "location" : "https://github.com/jedisct1/swift-sodium.git",
      "state" : {
        "branch" : "master",
        "revision" : "71999851db859b90d534dd800b090add758d35cd"
      }
    }
  ],
  "version" : 2
}
