{
  "pins" : [
    {
      "identity" : "matomo-sdk-ios",
      "kind" : "remoteSourceControl",
      "location" : "https://github.com/matomo-org/matomo-sdk-ios",
      "state" : {
        "revision" : "15a645e11eaa8053f93749d73ced03da1e56fd01",
        "version" : "7.5.2"
      }
    },
    {
      "identity" : "piwik-pro-sdk-framework-ios",
      "kind" : "remoteSourceControl",
      "location" : "https://github.com/PiwikPRO/piwik-pro-sdk-framework-ios",
      "state" : {
        "revision" : "61ced15d952b0b7e2fd182461d71b07510dc591c",
        "version" : "1.2.1"
      }
    },
    {
      "identity" : "swift-sodium",
      "kind" : "remoteSourceControl",
      "location" : "https://github.com/jedisct1/swift-sodium.git",
      "state" : {
        "branch" : "master",
        "revision" : "6262c021e108b5fb16d2caa1e319e913cea2406d"
      }
    },
    {
      "identity" : "swiftui-introspect",
      "kind" : "remoteSourceControl",
      "location" : "https://github.com/siteline/SwiftUI-Introspect",
      "state" : {
        "revision" : "9e1cc02a65b22e09a8251261cccbccce02731fc5",
        "version" : "1.1.1"
      }
    }
  ],
  "version" : 2
}
