// !$*UTF8*$!
{
	archiveVersion = 1;
	classes = {
	};
	objectVersion = 52;
	objects = {

/* Begin PBXBuildFile section */
		19109389284FF8C1000F40A8 /* image.jpg in Resources */ = {isa = PBXBuildFile; fileRef = 193237202849EA680074CE8A /* image.jpg */; };
		1911319E281F9FC100542281 /* test.mov in Resources */ = {isa = PBXBuildFile; fileRef = 1911319D281F9FC100542281 /* test.mov */; };
		191671BB2857BDC500842F25 /* FileLikeBlockReader.swift in Sources */ = {isa = PBXBuildFile; fileRef = 191671BA2857BDC500842F25 /* FileLikeBlockReader.swift */; };
		191FF12D275EC83400DED001 /* AuthManager.swift in Sources */ = {isa = PBXBuildFile; fileRef = 191FF12C275EC83400DED001 /* AuthManager.swift */; };
		19217E23273FD60F009E3850 /* ImageViewing.swift in Sources */ = {isa = PBXBuildFile; fileRef = 19217E22273FD60F009E3850 /* ImageViewing.swift */; };
		19217E26273FD616009E3850 /* KeyPickerView.swift in Sources */ = {isa = PBXBuildFile; fileRef = 19217E25273FD616009E3850 /* KeyPickerView.swift */; };
		19217E29273FD620009E3850 /* AppConstants.swift in Sources */ = {isa = PBXBuildFile; fileRef = 19217E28273FD620009E3850 /* AppConstants.swift */; };
		19217E2D273FE452009E3850 /* ImageKey.swift in Sources */ = {isa = PBXBuildFile; fileRef = 19217E2B273FE452009E3850 /* ImageKey.swift */; };
		19217E2E273FE452009E3850 /* EncameraState.swift in Sources */ = {isa = PBXBuildFile; fileRef = 19217E2C273FE452009E3850 /* EncameraState.swift */; };
		192B2CE828A1A8840047DAE2 /* StorageOptionItemView.swift in Sources */ = {isa = PBXBuildFile; fileRef = 192B2CE728A1A8840047DAE2 /* StorageOptionItemView.swift */; };
		192C9FEE28B34CA800CCD1D2 /* PreviewModel.swift in Sources */ = {isa = PBXBuildFile; fileRef = 192C9FED28B34CA800CCD1D2 /* PreviewModel.swift */; };
		1932371F28494BF60074CE8A /* CaptureProcessor.swift in Sources */ = {isa = PBXBuildFile; fileRef = 1932371E28494BF60074CE8A /* CaptureProcessor.swift */; };
		193237212849EA680074CE8A /* image.jpg in Resources */ = {isa = PBXBuildFile; fileRef = 193237202849EA680074CE8A /* image.jpg */; };
		193237232849EEE80074CE8A /* MediaTypeTests.swift in Sources */ = {isa = PBXBuildFile; fileRef = 193237222849EEE80074CE8A /* MediaTypeTests.swift */; };
		193532292860F03C00964A01 /* DataBlockReader.swift in Sources */ = {isa = PBXBuildFile; fileRef = 193532282860F03C00964A01 /* DataBlockReader.swift */; };
		1935322B2860F08800964A01 /* DiskBlockReader.swift in Sources */ = {isa = PBXBuildFile; fileRef = 1935322A2860F08800964A01 /* DiskBlockReader.swift */; };
		1935322D2860F25500964A01 /* FileLikeHandler.swift in Sources */ = {isa = PBXBuildFile; fileRef = 1935322C2860F25500964A01 /* FileLikeHandler.swift */; };
		19353233286266CD00964A01 /* KeyList.swift in Sources */ = {isa = PBXBuildFile; fileRef = 19353232286266CD00964A01 /* KeyList.swift */; };
		193ECDA4282EE7E2004F143D /* Enums.swift in Sources */ = {isa = PBXBuildFile; fileRef = 193ECDA3282EE7E2004F143D /* Enums.swift */; };
		195719E7274B8BE300E93658 /* MovieViewing.swift in Sources */ = {isa = PBXBuildFile; fileRef = 195719E6274B8BE300E93658 /* MovieViewing.swift */; };
		195719EE274BA4B400E93658 /* QRCodeCaptureProcessor.swift in Sources */ = {isa = PBXBuildFile; fileRef = 195719ED274BA4B400E93658 /* QRCodeCaptureProcessor.swift */; };
		1961BCBE281B081E00D7BE92 /* Clibsodium in Frameworks */ = {isa = PBXBuildFile; productRef = 1961BCBD281B081E00D7BE92 /* Clibsodium */; };
		1961BCC0281B081E00D7BE92 /* Sodium in Frameworks */ = {isa = PBXBuildFile; productRef = 1961BCBF281B081E00D7BE92 /* Sodium */; };
		1961BCC2281B08CE00D7BE92 /* SecretFileHandler.swift in Sources */ = {isa = PBXBuildFile; fileRef = 1961BCC1281B08CE00D7BE92 /* SecretFileHandler.swift */; };
		1961BCC4281F9DFA00D7BE92 /* FileOperationsTests.swift in Sources */ = {isa = PBXBuildFile; fileRef = 1961BCC3281F9DFA00D7BE92 /* FileOperationsTests.swift */; };
		19631A352864404400B95FD3 /* MultipleKeyKeychainManager.swift in Sources */ = {isa = PBXBuildFile; fileRef = 19631A342864404400B95FD3 /* MultipleKeyKeychainManager.swift */; };
		19631A372865113300B95FD3 /* KeySelectionCell.swift in Sources */ = {isa = PBXBuildFile; fileRef = 19631A362865113300B95FD3 /* KeySelectionCell.swift */; };
		19631A3A286514E500B95FD3 /* DateUtils.swift in Sources */ = {isa = PBXBuildFile; fileRef = 19631A382865141600B95FD3 /* DateUtils.swift */; };
		19631A3C286514F200B95FD3 /* DateUtilsTests.swift in Sources */ = {isa = PBXBuildFile; fileRef = 19631A3B286514F200B95FD3 /* DateUtilsTests.swift */; };
		19631A3E286596B100B95FD3 /* KeyOperationCell.swift in Sources */ = {isa = PBXBuildFile; fileRef = 19631A3D286596B100B95FD3 /* KeyOperationCell.swift */; };
		19665C462742542A00DA8578 /* KeyEntry.swift in Sources */ = {isa = PBXBuildFile; fileRef = 19665C452742542A00DA8578 /* KeyEntry.swift */; };
		196AFE81274F83D100C809ED /* GalleryView.swift in Sources */ = {isa = PBXBuildFile; fileRef = 196AFE80274F83D100C809ED /* GalleryView.swift */; };
		196AFE83274F858300C809ED /* DiskFileAccess.swift in Sources */ = {isa = PBXBuildFile; fileRef = 196AFE82274F858300C809ED /* DiskFileAccess.swift */; };
		197213C928ACF229001C9BEE /* GalleryScrollViewItem.swift in Sources */ = {isa = PBXBuildFile; fileRef = 197213C828ACF229001C9BEE /* GalleryScrollViewItem.swift */; };
		1978F9792822486000D16FD4 /* CameraModePicker.swift in Sources */ = {isa = PBXBuildFile; fileRef = 1978F9782822486000D16FD4 /* CameraModePicker.swift */; };
		197DDE9E28AB95DD0027371D /* FileUtils.swift in Sources */ = {isa = PBXBuildFile; fileRef = 193532372862FECB00964A01 /* FileUtils.swift */; };
		197DDEA028AB96D80027371D /* TempFilesManager.swift in Sources */ = {isa = PBXBuildFile; fileRef = 197DDE9F28AB96D80027371D /* TempFilesManager.swift */; };
		197DDEA228ABBE670027371D /* GalleryHorizontalScrollView.swift in Sources */ = {isa = PBXBuildFile; fileRef = 197DDEA128ABBE670027371D /* GalleryHorizontalScrollView.swift */; };
		19868A0A287B25E20006E120 /* Rotation.swift in Sources */ = {isa = PBXBuildFile; fileRef = 19868A09287B25E20006E120 /* Rotation.swift */; };
		19868A0D287B4C740006E120 /* RotationViewModifier.swift in Sources */ = {isa = PBXBuildFile; fileRef = 19868A0C287B4C740006E120 /* RotationViewModifier.swift */; };
		19868A10287B73380006E120 /* AuthenticationView.swift in Sources */ = {isa = PBXBuildFile; fileRef = 19868A0F287B73380006E120 /* AuthenticationView.swift */; };
		19868A13287CCBC70006E120 /* TextField.swift in Sources */ = {isa = PBXBuildFile; fileRef = 19868A12287CCBC70006E120 /* TextField.swift */; };
		19874B45285D253A001C2D06 /* AsyncImage.swift in Sources */ = {isa = PBXBuildFile; fileRef = 19874B44285D253A001C2D06 /* AsyncImage.swift */; };
		1990154B2863BA3F00520082 /* KeySelectionList.swift in Sources */ = {isa = PBXBuildFile; fileRef = 1990154A2863BA3F00520082 /* KeySelectionList.swift */; };
		1990154D2863BA8400520082 /* KeychainTests.swift in Sources */ = {isa = PBXBuildFile; fileRef = 1990154C2863BA8400520082 /* KeychainTests.swift */; };
		19902B39286F46F300165C94 /* CameraConfigurationService.swift in Sources */ = {isa = PBXBuildFile; fileRef = 19902B38286F46F300165C94 /* CameraConfigurationService.swift */; };
		19902B3D286F4FF500165C94 /* AsyncPhotoCaptureProcessor.swift in Sources */ = {isa = PBXBuildFile; fileRef = 19902B3C286F4FF500165C94 /* AsyncPhotoCaptureProcessor.swift */; };
		19902B412873809200165C94 /* AlertError.swift in Sources */ = {isa = PBXBuildFile; fileRef = 19902B402873809200165C94 /* AlertError.swift */; };
		1990CA34287F24F9007486D3 /* MainOnboardingView.swift in Sources */ = {isa = PBXBuildFile; fileRef = 1990CA33287F24F9007486D3 /* MainOnboardingView.swift */; };
		1990CA36287F6D33007486D3 /* OnboardingView.swift in Sources */ = {isa = PBXBuildFile; fileRef = 1990CA35287F6D33007486D3 /* OnboardingView.swift */; };
		1990CA38287F6DEF007486D3 /* Text.swift in Sources */ = {isa = PBXBuildFile; fileRef = 1990CA37287F6DEF007486D3 /* Text.swift */; };
		1990CA3C2880C3FE007486D3 /* OnboardingManager.swift in Sources */ = {isa = PBXBuildFile; fileRef = 1990CA3B2880C3FE007486D3 /* OnboardingManager.swift */; };
		1990CA3E288169AB007486D3 /* OnboardingManagerTests.swift in Sources */ = {isa = PBXBuildFile; fileRef = 1990CA3D288169AB007486D3 /* OnboardingManagerTests.swift */; };
		1990CA402881ACB9007486D3 /* PasswordValidator.swift in Sources */ = {isa = PBXBuildFile; fileRef = 1990CA3F2881ACB9007486D3 /* PasswordValidator.swift */; };
		1990CA422881B10C007486D3 /* PasswordValidatorTests.swift in Sources */ = {isa = PBXBuildFile; fileRef = 1990CA412881B10C007486D3 /* PasswordValidatorTests.swift */; };
		1990CA442882B4A3007486D3 /* DemoAuthManager.swift in Sources */ = {isa = PBXBuildFile; fileRef = 1990CA432882B4A3007486D3 /* DemoAuthManager.swift */; };
		1990CA4728846E7C007486D3 /* OnboardingViewModelTests.swift in Sources */ = {isa = PBXBuildFile; fileRef = 1990CA4628846E7C007486D3 /* OnboardingViewModelTests.swift */; };
		1990CA4A2884BC7E007486D3 /* SettingsManager.swift in Sources */ = {isa = PBXBuildFile; fileRef = 1990CA492884BC7E007486D3 /* SettingsManager.swift */; };
		1990CA4D28853DCA007486D3 /* SettingsManagerTests.swift in Sources */ = {isa = PBXBuildFile; fileRef = 1990CA4C28853DCA007486D3 /* SettingsManagerTests.swift */; };
		1994ABF22753E9D300E41BFD /* CameraModel.swift in Sources */ = {isa = PBXBuildFile; fileRef = 1994ABF12753E9D300E41BFD /* CameraModel.swift */; };
		19959440280D209900AEFA6D /* VideoCaptureProcessor.swift in Sources */ = {isa = PBXBuildFile; fileRef = 1995943F280D209900AEFA6D /* VideoCaptureProcessor.swift */; };
		19B6D052282B354500DC07F8 /* MediaGalleryView.swift in Sources */ = {isa = PBXBuildFile; fileRef = 19B6D051282B354500DC07F8 /* MediaGalleryView.swift */; };
		19BFB1D5289D18EA00FD33B2 /* NotificationUtils.swift in Sources */ = {isa = PBXBuildFile; fileRef = 19BFB1D4289D18EA00FD33B2 /* NotificationUtils.swift */; };
		19BFB1D7289D258700FD33B2 /* AVCaptureUtils.swift in Sources */ = {isa = PBXBuildFile; fileRef = 19BFB1D6289D258700FD33B2 /* AVCaptureUtils.swift */; };
		19BFB1DB289D472100FD33B2 /* iCloudDirectoryModel.swift in Sources */ = {isa = PBXBuildFile; fileRef = 19BFB1DA289D472100FD33B2 /* iCloudDirectoryModel.swift */; };
		19BFB1DD289D473A00FD33B2 /* LocalDirectoryModel.swift in Sources */ = {isa = PBXBuildFile; fileRef = 19BFB1DC289D473A00FD33B2 /* LocalDirectoryModel.swift */; };
		19BFB1DF289D4A4D00FD33B2 /* DataStorageUserDefaultsSetting.swift in Sources */ = {isa = PBXBuildFile; fileRef = 19BFB1DE289D4A4D00FD33B2 /* DataStorageUserDefaultsSetting.swift */; };
		19BFEEB52860503D00CA2B74 /* GalleryItem.swift in Sources */ = {isa = PBXBuildFile; fileRef = 19BFEEB42860503D00CA2B74 /* GalleryItem.swift */; };
		19BFEEB82860560E00CA2B74 /* dog.jpg in Resources */ = {isa = PBXBuildFile; fileRef = 19BFEEB62860519400CA2B74 /* dog.jpg */; };
		19BFEEB92860561000CA2B74 /* dog.jpg in Resources */ = {isa = PBXBuildFile; fileRef = 19BFEEB62860519400CA2B74 /* dog.jpg */; };
		19C97EA62888ADDE005901DE /* OSStatusChecker.swift in Sources */ = {isa = PBXBuildFile; fileRef = 19C97EA52888ADDE005901DE /* OSStatusChecker.swift */; };
		19CB675928690F09003FBC98 /* DemoCameraService.swift in Sources */ = {isa = PBXBuildFile; fileRef = 19CB675828690F09003FBC98 /* DemoCameraService.swift */; };
		19D1F3F5287879580025665D /* CMTimeUtils.swift in Sources */ = {isa = PBXBuildFile; fileRef = 19D1F3F4287879580025665D /* CMTimeUtils.swift */; };
		19D6DBBC28A55A1C00367CF3 /* StorageSettingView.swift in Sources */ = {isa = PBXBuildFile; fileRef = 19D6DBBB28A55A1C00367CF3 /* StorageSettingView.swift */; };
		19DC647427441D10004CCE1B /* ButtonViewModifier.swift in Sources */ = {isa = PBXBuildFile; fileRef = 19DC647327441D10004CCE1B /* ButtonViewModifier.swift */; };
		19DCCD572741AF6700DB487B /* KeyGeneration.swift in Sources */ = {isa = PBXBuildFile; fileRef = 19DCCD562741AF6700DB487B /* KeyGeneration.swift */; };
		19F768D228636FDD008F4BD3 /* DirectoryModelTests.swift in Sources */ = {isa = PBXBuildFile; fileRef = 19F768D128636FDD008F4BD3 /* DirectoryModelTests.swift */; };
		19FD5D5A2835D29B008D75AA /* ChunkedFilesProcessing.swift in Sources */ = {isa = PBXBuildFile; fileRef = 19FD5D592835D29B008D75AA /* ChunkedFilesProcessing.swift */; };
		19FD5D5C2835D91F008D75AA /* CleartextMedia.swift in Sources */ = {isa = PBXBuildFile; fileRef = 19FD5D5B2835D91F008D75AA /* CleartextMedia.swift */; };
		19FD5D5E2835D927008D75AA /* EncryptedMedia.swift in Sources */ = {isa = PBXBuildFile; fileRef = 19FD5D5D2835D927008D75AA /* EncryptedMedia.swift */; };
		19FD5D602835DB0D008D75AA /* MediaDescribing.swift in Sources */ = {isa = PBXBuildFile; fileRef = 19FD5D5F2835DB0D008D75AA /* MediaDescribing.swift */; };
		19FD5D632835EAF9008D75AA /* DemoFileHelpers.swift in Sources */ = {isa = PBXBuildFile; fileRef = 19FD5D622835EAF9008D75AA /* DemoFileHelpers.swift */; };
		19FD5D652835EED6008D75AA /* FileProtocols.swift in Sources */ = {isa = PBXBuildFile; fileRef = 19FD5D642835EED6008D75AA /* FileProtocols.swift */; };
		19FD5D672835F12E008D75AA /* KeyManager.swift in Sources */ = {isa = PBXBuildFile; fileRef = 19FD5D662835F12E008D75AA /* KeyManager.swift */; };
		A9E6E4EF253B5EA8008B4A33 /* CameraPreview.swift in Sources */ = {isa = PBXBuildFile; fileRef = A9E6E4EE253B5EA8008B4A33 /* CameraPreview.swift */; };
		A9FE17852539494300D547C7 /* EncameraApp.swift in Sources */ = {isa = PBXBuildFile; fileRef = A9FE17842539494300D547C7 /* EncameraApp.swift */; };
		A9FE17872539494300D547C7 /* CameraView.swift in Sources */ = {isa = PBXBuildFile; fileRef = A9FE17862539494300D547C7 /* CameraView.swift */; };
		A9FE17892539494700D547C7 /* Assets.xcassets in Resources */ = {isa = PBXBuildFile; fileRef = A9FE17882539494700D547C7 /* Assets.xcassets */; };
		A9FE178C2539494700D547C7 /* Preview Assets.xcassets in Resources */ = {isa = PBXBuildFile; fileRef = A9FE178B2539494700D547C7 /* Preview Assets.xcassets */; };
		A9FE17B825394F1E00D547C7 /* ImageResizer.swift in Sources */ = {isa = PBXBuildFile; fileRef = A9FE17B325394F1D00D547C7 /* ImageResizer.swift */; };
		A9FE17BA25394F1E00D547C7 /* PhotoCaptureProcessor.swift in Sources */ = {isa = PBXBuildFile; fileRef = A9FE17B525394F1E00D547C7 /* PhotoCaptureProcessor.swift */; };
		A9FE17BB25394F1E00D547C7 /* CameraService+Extensions.swift in Sources */ = {isa = PBXBuildFile; fileRef = A9FE17B625394F1E00D547C7 /* CameraService+Extensions.swift */; };
/* End PBXBuildFile section */

/* Begin PBXContainerItemProxy section */
		A9FE17932539494700D547C7 /* PBXContainerItemProxy */ = {
			isa = PBXContainerItemProxy;
			containerPortal = A9FE17792539494300D547C7 /* Project object */;
			proxyType = 1;
			remoteGlobalIDString = A9FE17802539494300D547C7;
			remoteInfo = Encamera;
		};
/* End PBXContainerItemProxy section */

/* Begin PBXFileReference section */
		1911319D281F9FC100542281 /* test.mov */ = {isa = PBXFileReference; lastKnownFileType = video.quicktime; path = test.mov; sourceTree = "<group>"; };
		191671B82857BD5600842F25 /* ChunkedFiles.swift */ = {isa = PBXFileReference; lastKnownFileType = sourcecode.swift; path = ChunkedFiles.swift; sourceTree = "<group>"; };
		191671BA2857BDC500842F25 /* FileLikeBlockReader.swift */ = {isa = PBXFileReference; lastKnownFileType = sourcecode.swift; path = FileLikeBlockReader.swift; sourceTree = "<group>"; };
		191FF12C275EC83400DED001 /* AuthManager.swift */ = {isa = PBXFileReference; lastKnownFileType = sourcecode.swift; path = AuthManager.swift; sourceTree = "<group>"; };
		19217E22273FD60F009E3850 /* ImageViewing.swift */ = {isa = PBXFileReference; fileEncoding = 4; lastKnownFileType = sourcecode.swift; path = ImageViewing.swift; sourceTree = "<group>"; };
		19217E25273FD616009E3850 /* KeyPickerView.swift */ = {isa = PBXFileReference; fileEncoding = 4; lastKnownFileType = sourcecode.swift; path = KeyPickerView.swift; sourceTree = "<group>"; };
		19217E28273FD620009E3850 /* AppConstants.swift */ = {isa = PBXFileReference; fileEncoding = 4; lastKnownFileType = sourcecode.swift; path = AppConstants.swift; sourceTree = "<group>"; };
		19217E2B273FE452009E3850 /* ImageKey.swift */ = {isa = PBXFileReference; fileEncoding = 4; lastKnownFileType = sourcecode.swift; path = ImageKey.swift; sourceTree = "<group>"; };
		19217E2C273FE452009E3850 /* EncameraState.swift */ = {isa = PBXFileReference; fileEncoding = 4; lastKnownFileType = sourcecode.swift; path = EncameraState.swift; sourceTree = "<group>"; };
		192B2CE728A1A8840047DAE2 /* StorageOptionItemView.swift */ = {isa = PBXFileReference; lastKnownFileType = sourcecode.swift; path = StorageOptionItemView.swift; sourceTree = "<group>"; };
		192C9FED28B34CA800CCD1D2 /* PreviewModel.swift */ = {isa = PBXFileReference; lastKnownFileType = sourcecode.swift; path = PreviewModel.swift; sourceTree = "<group>"; };
		1932371E28494BF60074CE8A /* CaptureProcessor.swift */ = {isa = PBXFileReference; lastKnownFileType = sourcecode.swift; path = CaptureProcessor.swift; sourceTree = "<group>"; };
		193237202849EA680074CE8A /* image.jpg */ = {isa = PBXFileReference; lastKnownFileType = image.jpeg; path = image.jpg; sourceTree = "<group>"; };
		193237222849EEE80074CE8A /* MediaTypeTests.swift */ = {isa = PBXFileReference; lastKnownFileType = sourcecode.swift; path = MediaTypeTests.swift; sourceTree = "<group>"; };
		193532282860F03C00964A01 /* DataBlockReader.swift */ = {isa = PBXFileReference; lastKnownFileType = sourcecode.swift; path = DataBlockReader.swift; sourceTree = "<group>"; };
		1935322A2860F08800964A01 /* DiskBlockReader.swift */ = {isa = PBXFileReference; lastKnownFileType = sourcecode.swift; path = DiskBlockReader.swift; sourceTree = "<group>"; };
		1935322C2860F25500964A01 /* FileLikeHandler.swift */ = {isa = PBXFileReference; lastKnownFileType = sourcecode.swift; path = FileLikeHandler.swift; sourceTree = "<group>"; };
		19353232286266CD00964A01 /* KeyList.swift */ = {isa = PBXFileReference; lastKnownFileType = sourcecode.swift; path = KeyList.swift; sourceTree = "<group>"; };
		193532342862F29400964A01 /* FileAccessTests.swift */ = {isa = PBXFileReference; lastKnownFileType = sourcecode.swift; path = FileAccessTests.swift; sourceTree = "<group>"; };
		193532372862FECB00964A01 /* FileUtils.swift */ = {isa = PBXFileReference; lastKnownFileType = sourcecode.swift; path = FileUtils.swift; sourceTree = "<group>"; };
		193ECDA3282EE7E2004F143D /* Enums.swift */ = {isa = PBXFileReference; lastKnownFileType = sourcecode.swift; path = Enums.swift; sourceTree = "<group>"; };
		195719E6274B8BE300E93658 /* MovieViewing.swift */ = {isa = PBXFileReference; lastKnownFileType = sourcecode.swift; path = MovieViewing.swift; sourceTree = "<group>"; };
		195719ED274BA4B400E93658 /* QRCodeCaptureProcessor.swift */ = {isa = PBXFileReference; lastKnownFileType = sourcecode.swift; path = QRCodeCaptureProcessor.swift; sourceTree = "<group>"; };
		195BCA74273FC2BC00E7D764 /* Encamera.entitlements */ = {isa = PBXFileReference; lastKnownFileType = text.plist.entitlements; path = Encamera.entitlements; sourceTree = "<group>"; };
		1961BCC1281B08CE00D7BE92 /* SecretFileHandler.swift */ = {isa = PBXFileReference; lastKnownFileType = sourcecode.swift; path = SecretFileHandler.swift; sourceTree = "<group>"; };
		1961BCC3281F9DFA00D7BE92 /* FileOperationsTests.swift */ = {isa = PBXFileReference; lastKnownFileType = sourcecode.swift; path = FileOperationsTests.swift; sourceTree = "<group>"; };
		19631A342864404400B95FD3 /* MultipleKeyKeychainManager.swift */ = {isa = PBXFileReference; lastKnownFileType = sourcecode.swift; path = MultipleKeyKeychainManager.swift; sourceTree = "<group>"; };
		19631A362865113300B95FD3 /* KeySelectionCell.swift */ = {isa = PBXFileReference; lastKnownFileType = sourcecode.swift; path = KeySelectionCell.swift; sourceTree = "<group>"; };
		19631A382865141600B95FD3 /* DateUtils.swift */ = {isa = PBXFileReference; lastKnownFileType = sourcecode.swift; path = DateUtils.swift; sourceTree = "<group>"; };
		19631A3B286514F200B95FD3 /* DateUtilsTests.swift */ = {isa = PBXFileReference; lastKnownFileType = sourcecode.swift; path = DateUtilsTests.swift; sourceTree = "<group>"; };
		19631A3D286596B100B95FD3 /* KeyOperationCell.swift */ = {isa = PBXFileReference; lastKnownFileType = sourcecode.swift; path = KeyOperationCell.swift; sourceTree = "<group>"; };
		19665C452742542A00DA8578 /* KeyEntry.swift */ = {isa = PBXFileReference; lastKnownFileType = sourcecode.swift; path = KeyEntry.swift; sourceTree = "<group>"; };
		196AFE80274F83D100C809ED /* GalleryView.swift */ = {isa = PBXFileReference; lastKnownFileType = sourcecode.swift; path = GalleryView.swift; sourceTree = "<group>"; };
		196AFE82274F858300C809ED /* DiskFileAccess.swift */ = {isa = PBXFileReference; lastKnownFileType = sourcecode.swift; path = DiskFileAccess.swift; sourceTree = "<group>"; };
		197213C828ACF229001C9BEE /* GalleryScrollViewItem.swift */ = {isa = PBXFileReference; lastKnownFileType = sourcecode.swift; path = GalleryScrollViewItem.swift; sourceTree = "<group>"; };
		1978F9782822486000D16FD4 /* CameraModePicker.swift */ = {isa = PBXFileReference; lastKnownFileType = sourcecode.swift; path = CameraModePicker.swift; sourceTree = "<group>"; };
		197DDE9F28AB96D80027371D /* TempFilesManager.swift */ = {isa = PBXFileReference; fileEncoding = 4; lastKnownFileType = sourcecode.swift; name = TempFilesManager.swift; path = Encamera/Utils/TempFilesManager.swift; sourceTree = SOURCE_ROOT; };
		197DDEA128ABBE670027371D /* GalleryHorizontalScrollView.swift */ = {isa = PBXFileReference; lastKnownFileType = sourcecode.swift; path = GalleryHorizontalScrollView.swift; sourceTree = "<group>"; };
		19868A09287B25E20006E120 /* Rotation.swift */ = {isa = PBXFileReference; lastKnownFileType = sourcecode.swift; path = Rotation.swift; sourceTree = "<group>"; };
		19868A0C287B4C740006E120 /* RotationViewModifier.swift */ = {isa = PBXFileReference; lastKnownFileType = sourcecode.swift; path = RotationViewModifier.swift; sourceTree = "<group>"; };
		19868A0F287B73380006E120 /* AuthenticationView.swift */ = {isa = PBXFileReference; lastKnownFileType = sourcecode.swift; path = AuthenticationView.swift; sourceTree = "<group>"; };
		19868A12287CCBC70006E120 /* TextField.swift */ = {isa = PBXFileReference; lastKnownFileType = sourcecode.swift; path = TextField.swift; sourceTree = "<group>"; };
		19874B44285D253A001C2D06 /* AsyncImage.swift */ = {isa = PBXFileReference; lastKnownFileType = sourcecode.swift; path = AsyncImage.swift; sourceTree = "<group>"; };
		1990154A2863BA3F00520082 /* KeySelectionList.swift */ = {isa = PBXFileReference; lastKnownFileType = sourcecode.swift; path = KeySelectionList.swift; sourceTree = "<group>"; };
		1990154C2863BA8400520082 /* KeychainTests.swift */ = {isa = PBXFileReference; lastKnownFileType = sourcecode.swift; path = KeychainTests.swift; sourceTree = "<group>"; };
		19902B38286F46F300165C94 /* CameraConfigurationService.swift */ = {isa = PBXFileReference; lastKnownFileType = sourcecode.swift; path = CameraConfigurationService.swift; sourceTree = "<group>"; };
		19902B3C286F4FF500165C94 /* AsyncPhotoCaptureProcessor.swift */ = {isa = PBXFileReference; lastKnownFileType = sourcecode.swift; path = AsyncPhotoCaptureProcessor.swift; sourceTree = "<group>"; };
		19902B3E286F8B6D00165C94 /* AsyncVideoCaptureProcessor.swift */ = {isa = PBXFileReference; lastKnownFileType = sourcecode.swift; path = AsyncVideoCaptureProcessor.swift; sourceTree = "<group>"; };
		19902B402873809200165C94 /* AlertError.swift */ = {isa = PBXFileReference; lastKnownFileType = sourcecode.swift; path = AlertError.swift; sourceTree = "<group>"; };
		1990CA33287F24F9007486D3 /* MainOnboardingView.swift */ = {isa = PBXFileReference; lastKnownFileType = sourcecode.swift; path = MainOnboardingView.swift; sourceTree = "<group>"; };
		1990CA35287F6D33007486D3 /* OnboardingView.swift */ = {isa = PBXFileReference; lastKnownFileType = sourcecode.swift; path = OnboardingView.swift; sourceTree = "<group>"; };
		1990CA37287F6DEF007486D3 /* Text.swift */ = {isa = PBXFileReference; lastKnownFileType = sourcecode.swift; path = Text.swift; sourceTree = "<group>"; };
		1990CA3B2880C3FE007486D3 /* OnboardingManager.swift */ = {isa = PBXFileReference; lastKnownFileType = sourcecode.swift; path = OnboardingManager.swift; sourceTree = "<group>"; };
		1990CA3D288169AB007486D3 /* OnboardingManagerTests.swift */ = {isa = PBXFileReference; lastKnownFileType = sourcecode.swift; path = OnboardingManagerTests.swift; sourceTree = "<group>"; };
		1990CA3F2881ACB9007486D3 /* PasswordValidator.swift */ = {isa = PBXFileReference; lastKnownFileType = sourcecode.swift; path = PasswordValidator.swift; sourceTree = "<group>"; };
		1990CA412881B10C007486D3 /* PasswordValidatorTests.swift */ = {isa = PBXFileReference; lastKnownFileType = sourcecode.swift; path = PasswordValidatorTests.swift; sourceTree = "<group>"; };
		1990CA432882B4A3007486D3 /* DemoAuthManager.swift */ = {isa = PBXFileReference; lastKnownFileType = sourcecode.swift; path = DemoAuthManager.swift; sourceTree = "<group>"; };
		1990CA4628846E7C007486D3 /* OnboardingViewModelTests.swift */ = {isa = PBXFileReference; lastKnownFileType = sourcecode.swift; path = OnboardingViewModelTests.swift; sourceTree = "<group>"; };
		1990CA492884BC7E007486D3 /* SettingsManager.swift */ = {isa = PBXFileReference; lastKnownFileType = sourcecode.swift; path = SettingsManager.swift; sourceTree = "<group>"; };
		1990CA4C28853DCA007486D3 /* SettingsManagerTests.swift */ = {isa = PBXFileReference; lastKnownFileType = sourcecode.swift; path = SettingsManagerTests.swift; sourceTree = "<group>"; };
		1994ABF12753E9D300E41BFD /* CameraModel.swift */ = {isa = PBXFileReference; lastKnownFileType = sourcecode.swift; path = CameraModel.swift; sourceTree = "<group>"; };
		1994ABF42753EA3F00E41BFD /* MainInterface.swift */ = {isa = PBXFileReference; lastKnownFileType = sourcecode.swift; path = MainInterface.swift; sourceTree = "<group>"; };
		1994ABF62753EAEF00E41BFD /* MainInterfaceViewModel.swift */ = {isa = PBXFileReference; lastKnownFileType = sourcecode.swift; path = MainInterfaceViewModel.swift; sourceTree = "<group>"; };
		1995943F280D209900AEFA6D /* VideoCaptureProcessor.swift */ = {isa = PBXFileReference; lastKnownFileType = sourcecode.swift; path = VideoCaptureProcessor.swift; sourceTree = "<group>"; };
		19B6D051282B354500DC07F8 /* MediaGalleryView.swift */ = {isa = PBXFileReference; lastKnownFileType = sourcecode.swift; path = MediaGalleryView.swift; sourceTree = "<group>"; };
		19BFB1D4289D18EA00FD33B2 /* NotificationUtils.swift */ = {isa = PBXFileReference; lastKnownFileType = sourcecode.swift; path = NotificationUtils.swift; sourceTree = "<group>"; };
		19BFB1D6289D258700FD33B2 /* AVCaptureUtils.swift */ = {isa = PBXFileReference; lastKnownFileType = sourcecode.swift; path = AVCaptureUtils.swift; sourceTree = "<group>"; };
		19BFB1DA289D472100FD33B2 /* iCloudDirectoryModel.swift */ = {isa = PBXFileReference; lastKnownFileType = sourcecode.swift; path = iCloudDirectoryModel.swift; sourceTree = "<group>"; };
		19BFB1DC289D473A00FD33B2 /* LocalDirectoryModel.swift */ = {isa = PBXFileReference; lastKnownFileType = sourcecode.swift; path = LocalDirectoryModel.swift; sourceTree = "<group>"; };
		19BFB1DE289D4A4D00FD33B2 /* DataStorageUserDefaultsSetting.swift */ = {isa = PBXFileReference; lastKnownFileType = sourcecode.swift; path = DataStorageUserDefaultsSetting.swift; sourceTree = "<group>"; };
		19BFEEB42860503D00CA2B74 /* GalleryItem.swift */ = {isa = PBXFileReference; lastKnownFileType = sourcecode.swift; path = GalleryItem.swift; sourceTree = "<group>"; };
		19BFEEB62860519400CA2B74 /* dog.jpg */ = {isa = PBXFileReference; lastKnownFileType = image.jpeg; path = dog.jpg; sourceTree = "<group>"; };
		19C97EA52888ADDE005901DE /* OSStatusChecker.swift */ = {isa = PBXFileReference; lastKnownFileType = sourcecode.swift; path = OSStatusChecker.swift; sourceTree = "<group>"; };
		19CB675828690F09003FBC98 /* DemoCameraService.swift */ = {isa = PBXFileReference; lastKnownFileType = sourcecode.swift; path = DemoCameraService.swift; sourceTree = "<group>"; };
		19D1F3F4287879580025665D /* CMTimeUtils.swift */ = {isa = PBXFileReference; lastKnownFileType = sourcecode.swift; path = CMTimeUtils.swift; sourceTree = "<group>"; };
		19D6DBBB28A55A1C00367CF3 /* StorageSettingView.swift */ = {isa = PBXFileReference; lastKnownFileType = sourcecode.swift; path = StorageSettingView.swift; sourceTree = "<group>"; };
		19DC647327441D10004CCE1B /* ButtonViewModifier.swift */ = {isa = PBXFileReference; lastKnownFileType = sourcecode.swift; path = ButtonViewModifier.swift; sourceTree = "<group>"; };
		19DCCD562741AF6700DB487B /* KeyGeneration.swift */ = {isa = PBXFileReference; lastKnownFileType = sourcecode.swift; path = KeyGeneration.swift; sourceTree = "<group>"; };
		19DCCD582741C2E200DB487B /* ChaChaPolyHelperTests.swift */ = {isa = PBXFileReference; lastKnownFileType = sourcecode.swift; path = ChaChaPolyHelperTests.swift; sourceTree = "<group>"; };
		19F768D128636FDD008F4BD3 /* DirectoryModelTests.swift */ = {isa = PBXFileReference; lastKnownFileType = sourcecode.swift; path = DirectoryModelTests.swift; sourceTree = "<group>"; };
		19F768D328637607008F4BD3 /* TempFilesManagerTests.swift */ = {isa = PBXFileReference; lastKnownFileType = sourcecode.swift; path = TempFilesManagerTests.swift; sourceTree = "<group>"; };
		19FD5D592835D29B008D75AA /* ChunkedFilesProcessing.swift */ = {isa = PBXFileReference; lastKnownFileType = sourcecode.swift; path = ChunkedFilesProcessing.swift; sourceTree = "<group>"; };
		19FD5D5B2835D91F008D75AA /* CleartextMedia.swift */ = {isa = PBXFileReference; lastKnownFileType = sourcecode.swift; path = CleartextMedia.swift; sourceTree = "<group>"; };
		19FD5D5D2835D927008D75AA /* EncryptedMedia.swift */ = {isa = PBXFileReference; lastKnownFileType = sourcecode.swift; path = EncryptedMedia.swift; sourceTree = "<group>"; };
		19FD5D5F2835DB0D008D75AA /* MediaDescribing.swift */ = {isa = PBXFileReference; lastKnownFileType = sourcecode.swift; path = MediaDescribing.swift; sourceTree = "<group>"; };
		19FD5D622835EAF9008D75AA /* DemoFileHelpers.swift */ = {isa = PBXFileReference; lastKnownFileType = sourcecode.swift; path = DemoFileHelpers.swift; sourceTree = "<group>"; };
		19FD5D642835EED6008D75AA /* FileProtocols.swift */ = {isa = PBXFileReference; lastKnownFileType = sourcecode.swift; path = FileProtocols.swift; sourceTree = "<group>"; };
		19FD5D662835F12E008D75AA /* KeyManager.swift */ = {isa = PBXFileReference; lastKnownFileType = sourcecode.swift; path = KeyManager.swift; sourceTree = "<group>"; };
		A9E6E4EE253B5EA8008B4A33 /* CameraPreview.swift */ = {isa = PBXFileReference; lastKnownFileType = sourcecode.swift; path = CameraPreview.swift; sourceTree = "<group>"; };
		A9FE17812539494300D547C7 /* Encamera.app */ = {isa = PBXFileReference; explicitFileType = wrapper.application; includeInIndex = 0; path = Encamera.app; sourceTree = BUILT_PRODUCTS_DIR; };
		A9FE17842539494300D547C7 /* EncameraApp.swift */ = {isa = PBXFileReference; lastKnownFileType = sourcecode.swift; path = EncameraApp.swift; sourceTree = "<group>"; };
		A9FE17862539494300D547C7 /* CameraView.swift */ = {isa = PBXFileReference; lastKnownFileType = sourcecode.swift; path = CameraView.swift; sourceTree = "<group>"; };
		A9FE17882539494700D547C7 /* Assets.xcassets */ = {isa = PBXFileReference; lastKnownFileType = folder.assetcatalog; path = Assets.xcassets; sourceTree = "<group>"; };
		A9FE178B2539494700D547C7 /* Preview Assets.xcassets */ = {isa = PBXFileReference; lastKnownFileType = folder.assetcatalog; path = "Preview Assets.xcassets"; sourceTree = "<group>"; };
		A9FE178D2539494700D547C7 /* Info.plist */ = {isa = PBXFileReference; lastKnownFileType = text.plist.xml; path = Info.plist; sourceTree = "<group>"; };
		A9FE17922539494700D547C7 /* EncameraTests.xctest */ = {isa = PBXFileReference; explicitFileType = wrapper.cfbundle; includeInIndex = 0; path = EncameraTests.xctest; sourceTree = BUILT_PRODUCTS_DIR; };
		A9FE17982539494700D547C7 /* Info.plist */ = {isa = PBXFileReference; lastKnownFileType = text.plist.xml; path = Info.plist; sourceTree = "<group>"; };
		A9FE17B225394F1C00D547C7 /* CameraService+Enums.swift */ = {isa = PBXFileReference; fileEncoding = 4; lastKnownFileType = sourcecode.swift; path = "CameraService+Enums.swift"; sourceTree = "<group>"; };
		A9FE17B325394F1D00D547C7 /* ImageResizer.swift */ = {isa = PBXFileReference; fileEncoding = 4; lastKnownFileType = sourcecode.swift; path = ImageResizer.swift; sourceTree = "<group>"; };
		A9FE17B525394F1E00D547C7 /* PhotoCaptureProcessor.swift */ = {isa = PBXFileReference; fileEncoding = 4; lastKnownFileType = sourcecode.swift; path = PhotoCaptureProcessor.swift; sourceTree = "<group>"; };
		A9FE17B625394F1E00D547C7 /* CameraService+Extensions.swift */ = {isa = PBXFileReference; fileEncoding = 4; lastKnownFileType = sourcecode.swift; path = "CameraService+Extensions.swift"; sourceTree = "<group>"; };
/* End PBXFileReference section */

/* Begin PBXFrameworksBuildPhase section */
		A9FE177E2539494300D547C7 /* Frameworks */ = {
			isa = PBXFrameworksBuildPhase;
			buildActionMask = 2147483647;
			files = (
				1961BCBE281B081E00D7BE92 /* Clibsodium in Frameworks */,
				1961BCC0281B081E00D7BE92 /* Sodium in Frameworks */,
			);
			runOnlyForDeploymentPostprocessing = 0;
		};
		A9FE178F2539494700D547C7 /* Frameworks */ = {
			isa = PBXFrameworksBuildPhase;
			buildActionMask = 2147483647;
			files = (
			);
			runOnlyForDeploymentPostprocessing = 0;
		};
/* End PBXFrameworksBuildPhase section */

/* Begin PBXGroup section */
		1911319C281F9FA900542281 /* TestData */ = {
			isa = PBXGroup;
			children = (
				19BFEEB62860519400CA2B74 /* dog.jpg */,
				193237202849EA680074CE8A /* image.jpg */,
				1911319D281F9FC100542281 /* test.mov */,
			);
			path = TestData;
			sourceTree = "<group>";
		};
		19217E21273FD60F009E3850 /* ImageViewing */ = {
			isa = PBXGroup;
			children = (
				19217E22273FD60F009E3850 /* ImageViewing.swift */,
				196AFE80274F83D100C809ED /* GalleryView.swift */,
				19BFEEB42860503D00CA2B74 /* GalleryItem.swift */,
				19874B44285D253A001C2D06 /* AsyncImage.swift */,
				195719E6274B8BE300E93658 /* MovieViewing.swift */,
				19B6D051282B354500DC07F8 /* MediaGalleryView.swift */,
				197DDEA128ABBE670027371D /* GalleryHorizontalScrollView.swift */,
				197213C828ACF229001C9BEE /* GalleryScrollViewItem.swift */,
			);
			path = ImageViewing;
			sourceTree = "<group>";
		};
		19217E24273FD616009E3850 /* KeyPicker */ = {
			isa = PBXGroup;
			children = (
				19217E25273FD616009E3850 /* KeyPickerView.swift */,
				19665C452742542A00DA8578 /* KeyEntry.swift */,
				19DCCD562741AF6700DB487B /* KeyGeneration.swift */,
				1990154A2863BA3F00520082 /* KeySelectionList.swift */,
				19631A362865113300B95FD3 /* KeySelectionCell.swift */,
				19631A3D286596B100B95FD3 /* KeyOperationCell.swift */,
			);
			path = KeyPicker;
			sourceTree = "<group>";
		};
		19217E27273FD620009E3850 /* Constants */ = {
			isa = PBXGroup;
			children = (
				19217E28273FD620009E3850 /* AppConstants.swift */,
			);
			path = Constants;
			sourceTree = "<group>";
		};
		19217E2A273FE452009E3850 /* Models */ = {
			isa = PBXGroup;
			children = (
				19217E2B273FE452009E3850 /* ImageKey.swift */,
				19217E2C273FE452009E3850 /* EncameraState.swift */,
				19FD5D5B2835D91F008D75AA /* CleartextMedia.swift */,
				19FD5D5D2835D927008D75AA /* EncryptedMedia.swift */,
				19FD5D5F2835DB0D008D75AA /* MediaDescribing.swift */,
				193ECDA3282EE7E2004F143D /* Enums.swift */,
				192C9FED28B34CA800CCD1D2 /* PreviewModel.swift */,
			);
			path = Models;
			sourceTree = "<group>";
		};
		193532272860F02400964A01 /* IO */ = {
			isa = PBXGroup;
			children = (
				191671BA2857BDC500842F25 /* FileLikeBlockReader.swift */,
				1935322C2860F25500964A01 /* FileLikeHandler.swift */,
				1935322A2860F08800964A01 /* DiskBlockReader.swift */,
				193532282860F03C00964A01 /* DataBlockReader.swift */,
			);
			path = IO;
			sourceTree = "<group>";
		};
		193532312862668200964A01 /* KeyOperationsList */ = {
			isa = PBXGroup;
			children = (
				19353232286266CD00964A01 /* KeyList.swift */,
			);
			path = KeyOperationsList;
			sourceTree = "<group>";
		};
		193532362862FEC100964A01 /* Utils */ = {
			isa = PBXGroup;
			children = (
				197DDE9F28AB96D80027371D /* TempFilesManager.swift */,
				193532372862FECB00964A01 /* FileUtils.swift */,
			);
			path = Utils;
			sourceTree = "<group>";
		};
		195719E9274B8FB100E93658 /* Utils */ = {
			isa = PBXGroup;
			children = (
				19631A382865141600B95FD3 /* DateUtils.swift */,
				19FD5D662835F12E008D75AA /* KeyManager.swift */,
				19631A342864404400B95FD3 /* MultipleKeyKeychainManager.swift */,
				1990CA3F2881ACB9007486D3 /* PasswordValidator.swift */,
				196AFE82274F858300C809ED /* DiskFileAccess.swift */,
				19FD5D642835EED6008D75AA /* FileProtocols.swift */,
				191FF12C275EC83400DED001 /* AuthManager.swift */,
				1990CA432882B4A3007486D3 /* DemoAuthManager.swift */,
				1961BCC1281B08CE00D7BE92 /* SecretFileHandler.swift */,
				19FD5D592835D29B008D75AA /* ChunkedFilesProcessing.swift */,
				193532272860F02400964A01 /* IO */,
				191671B82857BD5600842F25 /* ChunkedFiles.swift */,
				19D1F3F4287879580025665D /* CMTimeUtils.swift */,
				1990CA3B2880C3FE007486D3 /* OnboardingManager.swift */,
				1990CA492884BC7E007486D3 /* SettingsManager.swift */,
				19C97EA52888ADDE005901DE /* OSStatusChecker.swift */,
				19BFB1D4289D18EA00FD33B2 /* NotificationUtils.swift */,
				19BFB1D6289D258700FD33B2 /* AVCaptureUtils.swift */,
				19BFB1DE289D4A4D00FD33B2 /* DataStorageUserDefaultsSetting.swift */,
			);
			path = Utils;
			sourceTree = "<group>";
		};
		195719EC274BA4A100E93658 /* CaptureProcessors */ = {
			isa = PBXGroup;
			children = (
				A9FE17B525394F1E00D547C7 /* PhotoCaptureProcessor.swift */,
				19902B3C286F4FF500165C94 /* AsyncPhotoCaptureProcessor.swift */,
				1995943F280D209900AEFA6D /* VideoCaptureProcessor.swift */,
				1932371E28494BF60074CE8A /* CaptureProcessor.swift */,
				195719ED274BA4B400E93658 /* QRCodeCaptureProcessor.swift */,
				19902B3E286F8B6D00165C94 /* AsyncVideoCaptureProcessor.swift */,
			);
			path = CaptureProcessors;
			sourceTree = "<group>";
		};
		19868A08287B25D60006E120 /* EnvironmentKeys */ = {
			isa = PBXGroup;
			children = (
				19868A09287B25E20006E120 /* Rotation.swift */,
			);
			path = EnvironmentKeys;
			sourceTree = "<group>";
		};
		19868A0B287B4C640006E120 /* ViewModifiers */ = {
			isa = PBXGroup;
			children = (
				19DC647327441D10004CCE1B /* ButtonViewModifier.swift */,
				19868A0C287B4C740006E120 /* RotationViewModifier.swift */,
				19868A12287CCBC70006E120 /* TextField.swift */,
				1990CA37287F6DEF007486D3 /* Text.swift */,
			);
			path = ViewModifiers;
			sourceTree = "<group>";
		};
		19868A0E287B73120006E120 /* AuthenticationView */ = {
			isa = PBXGroup;
			children = (
				19868A0F287B73380006E120 /* AuthenticationView.swift */,
			);
			path = AuthenticationView;
			sourceTree = "<group>";
		};
		1990CA32287F24E9007486D3 /* Onboarding */ = {
			isa = PBXGroup;
			children = (
				1990CA33287F24F9007486D3 /* MainOnboardingView.swift */,
				1990CA35287F6D33007486D3 /* OnboardingView.swift */,
				192B2CE728A1A8840047DAE2 /* StorageOptionItemView.swift */,
				19D6DBBB28A55A1C00367CF3 /* StorageSettingView.swift */,
			);
			path = Onboarding;
			sourceTree = "<group>";
		};
		1994ABF02753E9C000E41BFD /* CameraView */ = {
			isa = PBXGroup;
			children = (
				A9FE17862539494300D547C7 /* CameraView.swift */,
				1978F9782822486000D16FD4 /* CameraModePicker.swift */,
				1994ABF12753E9D300E41BFD /* CameraModel.swift */,
			);
			path = CameraView;
			sourceTree = "<group>";
		};
		1994ABF32753EA3600E41BFD /* MainInterface */ = {
			isa = PBXGroup;
			children = (
				1994ABF42753EA3F00E41BFD /* MainInterface.swift */,
				1994ABF62753EAEF00E41BFD /* MainInterfaceViewModel.swift */,
			);
			path = MainInterface;
			sourceTree = "<group>";
		};
		19BFB1D8289D470100FD33B2 /* FileAccess */ = {
			isa = PBXGroup;
			children = (
				19BFB1D9289D470A00FD33B2 /* DirectoryModels */,
			);
			path = FileAccess;
			sourceTree = "<group>";
		};
		19BFB1D9289D470A00FD33B2 /* DirectoryModels */ = {
			isa = PBXGroup;
			children = (
				19BFB1DA289D472100FD33B2 /* iCloudDirectoryModel.swift */,
				19BFB1DC289D473A00FD33B2 /* LocalDirectoryModel.swift */,
			);
			path = DirectoryModels;
			sourceTree = "<group>";
		};
		19CB675728690ED2003FBC98 /* Camera */ = {
			isa = PBXGroup;
			children = (
				A9FE17B225394F1C00D547C7 /* CameraService+Enums.swift */,
				A9FE17B625394F1E00D547C7 /* CameraService+Extensions.swift */,
				19902B402873809200165C94 /* AlertError.swift */,
				19902B38286F46F300165C94 /* CameraConfigurationService.swift */,
				19CB675828690F09003FBC98 /* DemoCameraService.swift */,
			);
			path = Camera;
			sourceTree = "<group>";
		};
		19FD5D612835EADF008D75AA /* PreviewUtils */ = {
			isa = PBXGroup;
			children = (
				19FD5D622835EAF9008D75AA /* DemoFileHelpers.swift */,
			);
			path = PreviewUtils;
			sourceTree = "<group>";
		};
		A9FE17782539494300D547C7 = {
			isa = PBXGroup;
			children = (
				A9FE17832539494300D547C7 /* Encamera */,
				A9FE17952539494700D547C7 /* EncameraTests */,
				A9FE17822539494300D547C7 /* Products */,
			);
			sourceTree = "<group>";
		};
		A9FE17822539494300D547C7 /* Products */ = {
			isa = PBXGroup;
			children = (
				A9FE17812539494300D547C7 /* Encamera.app */,
				A9FE17922539494700D547C7 /* EncameraTests.xctest */,
			);
			name = Products;
			sourceTree = "<group>";
		};
		A9FE17832539494300D547C7 /* Encamera */ = {
			isa = PBXGroup;
			children = (
				19BFB1D8289D470100FD33B2 /* FileAccess */,
				1990CA32287F24E9007486D3 /* Onboarding */,
				19868A0E287B73120006E120 /* AuthenticationView */,
				19868A0B287B4C640006E120 /* ViewModifiers */,
				19868A08287B25D60006E120 /* EnvironmentKeys */,
				193532312862668200964A01 /* KeyOperationsList */,
				19FD5D612835EADF008D75AA /* PreviewUtils */,
				1994ABF32753EA3600E41BFD /* MainInterface */,
				1994ABF02753E9C000E41BFD /* CameraView */,
				195719E9274B8FB100E93658 /* Utils */,
				19217E2A273FE452009E3850 /* Models */,
				19217E27273FD620009E3850 /* Constants */,
				19217E24273FD616009E3850 /* KeyPicker */,
				19217E21273FD60F009E3850 /* ImageViewing */,
				195BCA74273FC2BC00E7D764 /* Encamera.entitlements */,
				A9FE17842539494300D547C7 /* EncameraApp.swift */,
				19CB675728690ED2003FBC98 /* Camera */,
				A9FE17B325394F1D00D547C7 /* ImageResizer.swift */,
				195719EC274BA4A100E93658 /* CaptureProcessors */,
				A9FE17882539494700D547C7 /* Assets.xcassets */,
				A9FE178D2539494700D547C7 /* Info.plist */,
				A9FE178A2539494700D547C7 /* Preview Content */,
				A9E6E4EE253B5EA8008B4A33 /* CameraPreview.swift */,
			);
			path = Encamera;
			sourceTree = "<group>";
		};
		A9FE178A2539494700D547C7 /* Preview Content */ = {
			isa = PBXGroup;
			children = (
				A9FE178B2539494700D547C7 /* Preview Assets.xcassets */,
			);
			path = "Preview Content";
			sourceTree = "<group>";
		};
		A9FE17952539494700D547C7 /* EncameraTests */ = {
			isa = PBXGroup;
			children = (
				193532362862FEC100964A01 /* Utils */,
				1911319C281F9FA900542281 /* TestData */,
				19DCCD582741C2E200DB487B /* ChaChaPolyHelperTests.swift */,
				A9FE17982539494700D547C7 /* Info.plist */,
				1961BCC3281F9DFA00D7BE92 /* FileOperationsTests.swift */,
				19F768D128636FDD008F4BD3 /* DirectoryModelTests.swift */,
				193237222849EEE80074CE8A /* MediaTypeTests.swift */,
				193532342862F29400964A01 /* FileAccessTests.swift */,
				19F768D328637607008F4BD3 /* TempFilesManagerTests.swift */,
				1990154C2863BA8400520082 /* KeychainTests.swift */,
				19631A3B286514F200B95FD3 /* DateUtilsTests.swift */,
				1990CA3D288169AB007486D3 /* OnboardingManagerTests.swift */,
				1990CA412881B10C007486D3 /* PasswordValidatorTests.swift */,
				1990CA4628846E7C007486D3 /* OnboardingViewModelTests.swift */,
				1990CA4C28853DCA007486D3 /* SettingsManagerTests.swift */,
			);
			path = EncameraTests;
			sourceTree = "<group>";
		};
/* End PBXGroup section */

/* Begin PBXNativeTarget section */
		A9FE17802539494300D547C7 /* Encamera */ = {
			isa = PBXNativeTarget;
			buildConfigurationList = A9FE17A62539494700D547C7 /* Build configuration list for PBXNativeTarget "Encamera" */;
			buildPhases = (
				A9FE177D2539494300D547C7 /* Sources */,
				A9FE177E2539494300D547C7 /* Frameworks */,
				A9FE177F2539494300D547C7 /* Resources */,
			);
			buildRules = (
			);
			dependencies = (
			);
			name = Encamera;
			packageProductDependencies = (
				1961BCBD281B081E00D7BE92 /* Clibsodium */,
				1961BCBF281B081E00D7BE92 /* Sodium */,
			);
			productName = Encamera;
			productReference = A9FE17812539494300D547C7 /* Encamera.app */;
			productType = "com.apple.product-type.application";
		};
		A9FE17912539494700D547C7 /* EncameraTests */ = {
			isa = PBXNativeTarget;
			buildConfigurationList = A9FE17A92539494700D547C7 /* Build configuration list for PBXNativeTarget "EncameraTests" */;
			buildPhases = (
				A9FE178E2539494700D547C7 /* Sources */,
				A9FE178F2539494700D547C7 /* Frameworks */,
				A9FE17902539494700D547C7 /* Resources */,
			);
			buildRules = (
			);
			dependencies = (
				A9FE17942539494700D547C7 /* PBXTargetDependency */,
			);
			name = EncameraTests;
			productName = EncameraTests;
			productReference = A9FE17922539494700D547C7 /* EncameraTests.xctest */;
			productType = "com.apple.product-type.bundle.unit-test";
		};
/* End PBXNativeTarget section */

/* Begin PBXProject section */
		A9FE17792539494300D547C7 /* Project object */ = {
			isa = PBXProject;
			attributes = {
				LastSwiftUpdateCheck = 1200;
				LastUpgradeCheck = 1200;
				TargetAttributes = {
					A9FE17802539494300D547C7 = {
						CreatedOnToolsVersion = 12.0.1;
					};
					A9FE17912539494700D547C7 = {
						CreatedOnToolsVersion = 12.0.1;
						TestTargetID = A9FE17802539494300D547C7;
					};
				};
			};
			buildConfigurationList = A9FE177C2539494300D547C7 /* Build configuration list for PBXProject "Encamera" */;
			compatibilityVersion = "Xcode 9.3";
			developmentRegion = en;
			hasScannedForEncodings = 0;
			knownRegions = (
				en,
				Base,
			);
			mainGroup = A9FE17782539494300D547C7;
			packageReferences = (
				1961BCBC281B081E00D7BE92 /* XCRemoteSwiftPackageReference "swift-sodium" */,
			);
			productRefGroup = A9FE17822539494300D547C7 /* Products */;
			projectDirPath = "";
			projectRoot = "";
			targets = (
				A9FE17802539494300D547C7 /* Encamera */,
				A9FE17912539494700D547C7 /* EncameraTests */,
			);
		};
/* End PBXProject section */

/* Begin PBXResourcesBuildPhase section */
		A9FE177F2539494300D547C7 /* Resources */ = {
			isa = PBXResourcesBuildPhase;
			buildActionMask = 2147483647;
			files = (
				19BFEEB82860560E00CA2B74 /* dog.jpg in Resources */,
				A9FE178C2539494700D547C7 /* Preview Assets.xcassets in Resources */,
				A9FE17892539494700D547C7 /* Assets.xcassets in Resources */,
				19109389284FF8C1000F40A8 /* image.jpg in Resources */,
			);
			runOnlyForDeploymentPostprocessing = 0;
		};
		A9FE17902539494700D547C7 /* Resources */ = {
			isa = PBXResourcesBuildPhase;
			buildActionMask = 2147483647;
			files = (
				19BFEEB92860561000CA2B74 /* dog.jpg in Resources */,
				193237212849EA680074CE8A /* image.jpg in Resources */,
				1911319E281F9FC100542281 /* test.mov in Resources */,
			);
			runOnlyForDeploymentPostprocessing = 0;
		};
/* End PBXResourcesBuildPhase section */

/* Begin PBXSourcesBuildPhase section */
		A9FE177D2539494300D547C7 /* Sources */ = {
			isa = PBXSourcesBuildPhase;
			buildActionMask = 2147483647;
			files = (
				19D1F3F5287879580025665D /* CMTimeUtils.swift in Sources */,
				19BFB1DD289D473A00FD33B2 /* LocalDirectoryModel.swift in Sources */,
				19631A372865113300B95FD3 /* KeySelectionCell.swift in Sources */,
				19FD5D5A2835D29B008D75AA /* ChunkedFilesProcessing.swift in Sources */,
				19868A13287CCBC70006E120 /* TextField.swift in Sources */,
				1990CA442882B4A3007486D3 /* DemoAuthManager.swift in Sources */,
				191FF12D275EC83400DED001 /* AuthManager.swift in Sources */,
				19902B3D286F4FF500165C94 /* AsyncPhotoCaptureProcessor.swift in Sources */,
				A9E6E4EF253B5EA8008B4A33 /* CameraPreview.swift in Sources */,
				19217E23273FD60F009E3850 /* ImageViewing.swift in Sources */,
				1932371F28494BF60074CE8A /* CaptureProcessor.swift in Sources */,
				19C97EA62888ADDE005901DE /* OSStatusChecker.swift in Sources */,
				197DDEA228ABBE670027371D /* GalleryHorizontalScrollView.swift in Sources */,
				19FD5D5C2835D91F008D75AA /* CleartextMedia.swift in Sources */,
				197213C928ACF229001C9BEE /* GalleryScrollViewItem.swift in Sources */,
				19665C462742542A00DA8578 /* KeyEntry.swift in Sources */,
				1990CA3C2880C3FE007486D3 /* OnboardingManager.swift in Sources */,
				19868A0D287B4C740006E120 /* RotationViewModifier.swift in Sources */,
				19FD5D632835EAF9008D75AA /* DemoFileHelpers.swift in Sources */,
				19902B412873809200165C94 /* AlertError.swift in Sources */,
				1990CA4A2884BC7E007486D3 /* SettingsManager.swift in Sources */,
				1961BCC2281B08CE00D7BE92 /* SecretFileHandler.swift in Sources */,
				19DCCD572741AF6700DB487B /* KeyGeneration.swift in Sources */,
				1990CA38287F6DEF007486D3 /* Text.swift in Sources */,
				19217E2E273FE452009E3850 /* EncameraState.swift in Sources */,
				19631A352864404400B95FD3 /* MultipleKeyKeychainManager.swift in Sources */,
				19BFB1DF289D4A4D00FD33B2 /* DataStorageUserDefaultsSetting.swift in Sources */,
				19B6D052282B354500DC07F8 /* MediaGalleryView.swift in Sources */,
				19DC647427441D10004CCE1B /* ButtonViewModifier.swift in Sources */,
				A9FE17BB25394F1E00D547C7 /* CameraService+Extensions.swift in Sources */,
				196AFE83274F858300C809ED /* DiskFileAccess.swift in Sources */,
				19D6DBBC28A55A1C00367CF3 /* StorageSettingView.swift in Sources */,
				192C9FEE28B34CA800CCD1D2 /* PreviewModel.swift in Sources */,
				193532292860F03C00964A01 /* DataBlockReader.swift in Sources */,
				A9FE17B825394F1E00D547C7 /* ImageResizer.swift in Sources */,
				19868A0A287B25E20006E120 /* Rotation.swift in Sources */,
				1990154B2863BA3F00520082 /* KeySelectionList.swift in Sources */,
				A9FE17BA25394F1E00D547C7 /* PhotoCaptureProcessor.swift in Sources */,
				19353233286266CD00964A01 /* KeyList.swift in Sources */,
				1990CA36287F6D33007486D3 /* OnboardingView.swift in Sources */,
				19868A10287B73380006E120 /* AuthenticationView.swift in Sources */,
				19BFEEB52860503D00CA2B74 /* GalleryItem.swift in Sources */,
				19874B45285D253A001C2D06 /* AsyncImage.swift in Sources */,
				19959440280D209900AEFA6D /* VideoCaptureProcessor.swift in Sources */,
				1994ABF22753E9D300E41BFD /* CameraModel.swift in Sources */,
				1990CA402881ACB9007486D3 /* PasswordValidator.swift in Sources */,
				19FD5D602835DB0D008D75AA /* MediaDescribing.swift in Sources */,
				19217E26273FD616009E3850 /* KeyPickerView.swift in Sources */,
				19BFB1DB289D472100FD33B2 /* iCloudDirectoryModel.swift in Sources */,
				19631A3E286596B100B95FD3 /* KeyOperationCell.swift in Sources */,
				193ECDA4282EE7E2004F143D /* Enums.swift in Sources */,
				195719EE274BA4B400E93658 /* QRCodeCaptureProcessor.swift in Sources */,
				1935322B2860F08800964A01 /* DiskBlockReader.swift in Sources */,
				19217E2D273FE452009E3850 /* ImageKey.swift in Sources */,
				A9FE17872539494300D547C7 /* CameraView.swift in Sources */,
				1990CA34287F24F9007486D3 /* MainOnboardingView.swift in Sources */,
				19FD5D5E2835D927008D75AA /* EncryptedMedia.swift in Sources */,
				19217E29273FD620009E3850 /* AppConstants.swift in Sources */,
				192B2CE828A1A8840047DAE2 /* StorageOptionItemView.swift in Sources */,
				19631A3A286514E500B95FD3 /* DateUtils.swift in Sources */,
				A9FE17852539494300D547C7 /* EncameraApp.swift in Sources */,
				19BFB1D7289D258700FD33B2 /* AVCaptureUtils.swift in Sources */,
				196AFE81274F83D100C809ED /* GalleryView.swift in Sources */,
				19FD5D672835F12E008D75AA /* KeyManager.swift in Sources */,
				19CB675928690F09003FBC98 /* DemoCameraService.swift in Sources */,
				19FD5D652835EED6008D75AA /* FileProtocols.swift in Sources */,
				1978F9792822486000D16FD4 /* CameraModePicker.swift in Sources */,
				195719E7274B8BE300E93658 /* MovieViewing.swift in Sources */,
				191671BB2857BDC500842F25 /* FileLikeBlockReader.swift in Sources */,
				19BFB1D5289D18EA00FD33B2 /* NotificationUtils.swift in Sources */,
				19902B39286F46F300165C94 /* CameraConfigurationService.swift in Sources */,
				1935322D2860F25500964A01 /* FileLikeHandler.swift in Sources */,
			);
			runOnlyForDeploymentPostprocessing = 0;
		};
		A9FE178E2539494700D547C7 /* Sources */ = {
			isa = PBXSourcesBuildPhase;
			buildActionMask = 2147483647;
			files = (
				1990CA3E288169AB007486D3 /* OnboardingManagerTests.swift in Sources */,
				1961BCC4281F9DFA00D7BE92 /* FileOperationsTests.swift in Sources */,
				1990CA4D28853DCA007486D3 /* SettingsManagerTests.swift in Sources */,
				197DDEA028AB96D80027371D /* TempFilesManager.swift in Sources */,
				193237232849EEE80074CE8A /* MediaTypeTests.swift in Sources */,
				19F768D228636FDD008F4BD3 /* DirectoryModelTests.swift in Sources */,
				1990154D2863BA8400520082 /* KeychainTests.swift in Sources */,
				19631A3C286514F200B95FD3 /* DateUtilsTests.swift in Sources */,
				1990CA422881B10C007486D3 /* PasswordValidatorTests.swift in Sources */,
				1990CA4728846E7C007486D3 /* OnboardingViewModelTests.swift in Sources */,
				197DDE9E28AB95DD0027371D /* FileUtils.swift in Sources */,
			);
			runOnlyForDeploymentPostprocessing = 0;
		};
/* End PBXSourcesBuildPhase section */

/* Begin PBXTargetDependency section */
		A9FE17942539494700D547C7 /* PBXTargetDependency */ = {
			isa = PBXTargetDependency;
			target = A9FE17802539494300D547C7 /* Encamera */;
			targetProxy = A9FE17932539494700D547C7 /* PBXContainerItemProxy */;
		};
/* End PBXTargetDependency section */

/* Begin XCBuildConfiguration section */
		A9FE17A42539494700D547C7 /* Debug */ = {
			isa = XCBuildConfiguration;
			buildSettings = {
				ALWAYS_SEARCH_USER_PATHS = NO;
				CLANG_ANALYZER_NONNULL = YES;
				CLANG_ANALYZER_NUMBER_OBJECT_CONVERSION = YES_AGGRESSIVE;
				CLANG_CXX_LANGUAGE_STANDARD = "gnu++14";
				CLANG_CXX_LIBRARY = "libc++";
				CLANG_ENABLE_MODULES = YES;
				CLANG_ENABLE_OBJC_ARC = YES;
				CLANG_ENABLE_OBJC_WEAK = YES;
				CLANG_WARN_BLOCK_CAPTURE_AUTORELEASING = YES;
				CLANG_WARN_BOOL_CONVERSION = YES;
				CLANG_WARN_COMMA = YES;
				CLANG_WARN_CONSTANT_CONVERSION = YES;
				CLANG_WARN_DEPRECATED_OBJC_IMPLEMENTATIONS = YES;
				CLANG_WARN_DIRECT_OBJC_ISA_USAGE = YES_ERROR;
				CLANG_WARN_DOCUMENTATION_COMMENTS = YES;
				CLANG_WARN_EMPTY_BODY = YES;
				CLANG_WARN_ENUM_CONVERSION = YES;
				CLANG_WARN_INFINITE_RECURSION = YES;
				CLANG_WARN_INT_CONVERSION = YES;
				CLANG_WARN_NON_LITERAL_NULL_CONVERSION = YES;
				CLANG_WARN_OBJC_IMPLICIT_RETAIN_SELF = YES;
				CLANG_WARN_OBJC_LITERAL_CONVERSION = YES;
				CLANG_WARN_OBJC_ROOT_CLASS = YES_ERROR;
				CLANG_WARN_QUOTED_INCLUDE_IN_FRAMEWORK_HEADER = YES;
				CLANG_WARN_RANGE_LOOP_ANALYSIS = YES;
				CLANG_WARN_STRICT_PROTOTYPES = YES;
				CLANG_WARN_SUSPICIOUS_MOVE = YES;
				CLANG_WARN_UNGUARDED_AVAILABILITY = YES_AGGRESSIVE;
				CLANG_WARN_UNREACHABLE_CODE = YES;
				CLANG_WARN__DUPLICATE_METHOD_MATCH = YES;
				COPY_PHASE_STRIP = NO;
				DEBUG_INFORMATION_FORMAT = dwarf;
				ENABLE_STRICT_OBJC_MSGSEND = YES;
				ENABLE_TESTABILITY = YES;
				GCC_C_LANGUAGE_STANDARD = gnu11;
				GCC_DYNAMIC_NO_PIC = NO;
				GCC_NO_COMMON_BLOCKS = YES;
				GCC_OPTIMIZATION_LEVEL = 0;
				GCC_PREPROCESSOR_DEFINITIONS = (
					"DEBUG=1",
					"$(inherited)",
				);
				GCC_WARN_64_TO_32_BIT_CONVERSION = YES;
				GCC_WARN_ABOUT_RETURN_TYPE = YES_ERROR;
				GCC_WARN_UNDECLARED_SELECTOR = YES;
				GCC_WARN_UNINITIALIZED_AUTOS = YES_AGGRESSIVE;
				GCC_WARN_UNUSED_FUNCTION = YES;
				GCC_WARN_UNUSED_VARIABLE = YES;
				IPHONEOS_DEPLOYMENT_TARGET = 14.0;
				MTL_ENABLE_DEBUG_INFO = INCLUDE_SOURCE;
				MTL_FAST_MATH = YES;
				ONLY_ACTIVE_ARCH = YES;
				SDKROOT = iphoneos;
				SWIFT_ACTIVE_COMPILATION_CONDITIONS = DEBUG;
				SWIFT_OPTIMIZATION_LEVEL = "-Onone";
			};
			name = Debug;
		};
		A9FE17A52539494700D547C7 /* Release */ = {
			isa = XCBuildConfiguration;
			buildSettings = {
				ALWAYS_SEARCH_USER_PATHS = NO;
				CLANG_ANALYZER_NONNULL = YES;
				CLANG_ANALYZER_NUMBER_OBJECT_CONVERSION = YES_AGGRESSIVE;
				CLANG_CXX_LANGUAGE_STANDARD = "gnu++14";
				CLANG_CXX_LIBRARY = "libc++";
				CLANG_ENABLE_MODULES = YES;
				CLANG_ENABLE_OBJC_ARC = YES;
				CLANG_ENABLE_OBJC_WEAK = YES;
				CLANG_WARN_BLOCK_CAPTURE_AUTORELEASING = YES;
				CLANG_WARN_BOOL_CONVERSION = YES;
				CLANG_WARN_COMMA = YES;
				CLANG_WARN_CONSTANT_CONVERSION = YES;
				CLANG_WARN_DEPRECATED_OBJC_IMPLEMENTATIONS = YES;
				CLANG_WARN_DIRECT_OBJC_ISA_USAGE = YES_ERROR;
				CLANG_WARN_DOCUMENTATION_COMMENTS = YES;
				CLANG_WARN_EMPTY_BODY = YES;
				CLANG_WARN_ENUM_CONVERSION = YES;
				CLANG_WARN_INFINITE_RECURSION = YES;
				CLANG_WARN_INT_CONVERSION = YES;
				CLANG_WARN_NON_LITERAL_NULL_CONVERSION = YES;
				CLANG_WARN_OBJC_IMPLICIT_RETAIN_SELF = YES;
				CLANG_WARN_OBJC_LITERAL_CONVERSION = YES;
				CLANG_WARN_OBJC_ROOT_CLASS = YES_ERROR;
				CLANG_WARN_QUOTED_INCLUDE_IN_FRAMEWORK_HEADER = YES;
				CLANG_WARN_RANGE_LOOP_ANALYSIS = YES;
				CLANG_WARN_STRICT_PROTOTYPES = YES;
				CLANG_WARN_SUSPICIOUS_MOVE = YES;
				CLANG_WARN_UNGUARDED_AVAILABILITY = YES_AGGRESSIVE;
				CLANG_WARN_UNREACHABLE_CODE = YES;
				CLANG_WARN__DUPLICATE_METHOD_MATCH = YES;
				COPY_PHASE_STRIP = NO;
				DEBUG_INFORMATION_FORMAT = "dwarf-with-dsym";
				ENABLE_NS_ASSERTIONS = NO;
				ENABLE_STRICT_OBJC_MSGSEND = YES;
				GCC_C_LANGUAGE_STANDARD = gnu11;
				GCC_NO_COMMON_BLOCKS = YES;
				GCC_WARN_64_TO_32_BIT_CONVERSION = YES;
				GCC_WARN_ABOUT_RETURN_TYPE = YES_ERROR;
				GCC_WARN_UNDECLARED_SELECTOR = YES;
				GCC_WARN_UNINITIALIZED_AUTOS = YES_AGGRESSIVE;
				GCC_WARN_UNUSED_FUNCTION = YES;
				GCC_WARN_UNUSED_VARIABLE = YES;
				IPHONEOS_DEPLOYMENT_TARGET = 14.0;
				MTL_ENABLE_DEBUG_INFO = NO;
				MTL_FAST_MATH = YES;
				SDKROOT = iphoneos;
				SWIFT_COMPILATION_MODE = wholemodule;
				SWIFT_OPTIMIZATION_LEVEL = "-O";
				VALIDATE_PRODUCT = YES;
			};
			name = Release;
		};
		A9FE17A72539494700D547C7 /* Debug */ = {
			isa = XCBuildConfiguration;
			buildSettings = {
				ASSETCATALOG_COMPILER_APPICON_NAME = AppIcon;
				ASSETCATALOG_COMPILER_GLOBAL_ACCENT_COLOR_NAME = AccentColor;
				CODE_SIGN_ENTITLEMENTS = Encamera/Encamera.entitlements;
				CODE_SIGN_STYLE = Automatic;
				DEVELOPMENT_ASSET_PATHS = "\"Encamera/Preview Content\"";
				DEVELOPMENT_TEAM = KGJCC745S9;
				ENABLE_PREVIEWS = YES;
				INFOPLIST_FILE = Encamera/Info.plist;
				IPHONEOS_DEPLOYMENT_TARGET = 15.0;
				LD_RUNPATH_SEARCH_PATHS = (
					"$(inherited)",
					"@executable_path/Frameworks",
				);
				PRODUCT_BUNDLE_IDENTIFIER = me.freas.encamera;
				PRODUCT_NAME = "$(TARGET_NAME)";
				SWIFT_VERSION = 5.0;
				TARGETED_DEVICE_FAMILY = "1,2";
			};
			name = Debug;
		};
		A9FE17A82539494700D547C7 /* Release */ = {
			isa = XCBuildConfiguration;
			buildSettings = {
				ASSETCATALOG_COMPILER_APPICON_NAME = AppIcon;
				ASSETCATALOG_COMPILER_GLOBAL_ACCENT_COLOR_NAME = AccentColor;
				CODE_SIGN_ENTITLEMENTS = Encamera/Encamera.entitlements;
				CODE_SIGN_STYLE = Automatic;
				DEVELOPMENT_ASSET_PATHS = "\"Encamera/Preview Content\"";
				DEVELOPMENT_TEAM = KGJCC745S9;
				ENABLE_PREVIEWS = YES;
				INFOPLIST_FILE = Encamera/Info.plist;
				IPHONEOS_DEPLOYMENT_TARGET = 15.0;
				LD_RUNPATH_SEARCH_PATHS = (
					"$(inherited)",
					"@executable_path/Frameworks",
				);
				PRODUCT_BUNDLE_IDENTIFIER = me.freas.encamera;
				PRODUCT_NAME = "$(TARGET_NAME)";
				SWIFT_VERSION = 5.0;
				TARGETED_DEVICE_FAMILY = "1,2";
			};
			name = Release;
		};
		A9FE17AA2539494700D547C7 /* Debug */ = {
			isa = XCBuildConfiguration;
			buildSettings = {
				ALWAYS_EMBED_SWIFT_STANDARD_LIBRARIES = YES;
				BUNDLE_LOADER = "$(TEST_HOST)";
				CODE_SIGN_STYLE = Automatic;
				DEVELOPMENT_TEAM = KGJCC745S9;
				INFOPLIST_FILE = EncameraTests/Info.plist;
				IPHONEOS_DEPLOYMENT_TARGET = 15.0;
				LD_RUNPATH_SEARCH_PATHS = (
					"$(inherited)",
					"@executable_path/Frameworks",
					"@loader_path/Frameworks",
				);
				PRODUCT_BUNDLE_IDENTIFIER = pe.rry.EncameraTests;
				PRODUCT_NAME = "$(TARGET_NAME)";
				STRIP_INSTALLED_PRODUCT = NO;
				SWIFT_VERSION = 5.0;
				TARGETED_DEVICE_FAMILY = "1,2";
				TEST_HOST = "$(BUILT_PRODUCTS_DIR)/Encamera.app/Encamera";
			};
			name = Debug;
		};
		A9FE17AB2539494700D547C7 /* Release */ = {
			isa = XCBuildConfiguration;
			buildSettings = {
				ALWAYS_EMBED_SWIFT_STANDARD_LIBRARIES = YES;
				BUNDLE_LOADER = "$(TEST_HOST)";
				CODE_SIGN_STYLE = Automatic;
				DEVELOPMENT_TEAM = KGJCC745S9;
				INFOPLIST_FILE = EncameraTests/Info.plist;
				IPHONEOS_DEPLOYMENT_TARGET = 15.0;
				LD_RUNPATH_SEARCH_PATHS = (
					"$(inherited)",
					"@executable_path/Frameworks",
					"@loader_path/Frameworks",
				);
				PRODUCT_BUNDLE_IDENTIFIER = pe.rry.EncameraTests;
				PRODUCT_NAME = "$(TARGET_NAME)";
				STRIP_INSTALLED_PRODUCT = NO;
				SWIFT_VERSION = 5.0;
				TARGETED_DEVICE_FAMILY = "1,2";
				TEST_HOST = "$(BUILT_PRODUCTS_DIR)/Encamera.app/Encamera";
			};
			name = Release;
		};
/* End XCBuildConfiguration section */

/* Begin XCConfigurationList section */
		A9FE177C2539494300D547C7 /* Build configuration list for PBXProject "Encamera" */ = {
			isa = XCConfigurationList;
			buildConfigurations = (
				A9FE17A42539494700D547C7 /* Debug */,
				A9FE17A52539494700D547C7 /* Release */,
			);
			defaultConfigurationIsVisible = 0;
			defaultConfigurationName = Release;
		};
		A9FE17A62539494700D547C7 /* Build configuration list for PBXNativeTarget "Encamera" */ = {
			isa = XCConfigurationList;
			buildConfigurations = (
				A9FE17A72539494700D547C7 /* Debug */,
				A9FE17A82539494700D547C7 /* Release */,
			);
			defaultConfigurationIsVisible = 0;
			defaultConfigurationName = Release;
		};
		A9FE17A92539494700D547C7 /* Build configuration list for PBXNativeTarget "EncameraTests" */ = {
			isa = XCConfigurationList;
			buildConfigurations = (
				A9FE17AA2539494700D547C7 /* Debug */,
				A9FE17AB2539494700D547C7 /* Release */,
			);
			defaultConfigurationIsVisible = 0;
			defaultConfigurationName = Release;
		};
/* End XCConfigurationList section */

/* Begin XCRemoteSwiftPackageReference section */
		1961BCBC281B081E00D7BE92 /* XCRemoteSwiftPackageReference "swift-sodium" */ = {
			isa = XCRemoteSwiftPackageReference;
			repositoryURL = "https://github.com/jedisct1/swift-sodium.git";
			requirement = {
				kind = upToNextMajorVersion;
				minimumVersion = 0.9.1;
			};
		};
/* End XCRemoteSwiftPackageReference section */

/* Begin XCSwiftPackageProductDependency section */
		1961BCBD281B081E00D7BE92 /* Clibsodium */ = {
			isa = XCSwiftPackageProductDependency;
			package = 1961BCBC281B081E00D7BE92 /* XCRemoteSwiftPackageReference "swift-sodium" */;
			productName = Clibsodium;
		};
		1961BCBF281B081E00D7BE92 /* Sodium */ = {
			isa = XCSwiftPackageProductDependency;
			package = 1961BCBC281B081E00D7BE92 /* XCRemoteSwiftPackageReference "swift-sodium" */;
			productName = Sodium;
		};
/* End XCSwiftPackageProductDependency section */
	};
	rootObject = A9FE17792539494300D547C7 /* Project object */;
}
